
Microsoft Visual Studio Solution File, Format Version 12.00
# Visual Studio Version 17
VisualStudioVersion = 17.8.34330.188
MinimumVisualStudioVersion = 10.0.40219.1
Project("{9A19103F-16F7-4668-BE54-9A1E7A4F7556}") = "CLI", "CLI\CLI.csproj", "{C973B864-8EC7-42CA-A2EA-0AB61488E7E7}"
EndProject
Global
	GlobalSection(SolutionConfigurationPlatforms) = preSolution
		Debug|Any CPU = Debug|Any CPU
		Release|Any CPU = Release|Any CPU
	EndGlobalSection
	GlobalSection(ProjectConfigurationPlatforms) = postSolution
		{C973B864-8EC7-42CA-A2EA-0AB61488E7E7}.Debug|Any CPU.ActiveCfg = Debug|Any CPU
		{C973B864-8EC7-42CA-A2EA-0AB61488E7E7}.Debug|Any CPU.Build.0 = Debug|Any CPU
		{C973B864-8EC7-42CA-A2EA-0AB61488E7E7}.Release|Any CPU.ActiveCfg = Release|Any CPU
		{C973B864-8EC7-42CA-A2EA-0AB61488E7E7}.Release|Any CPU.Build.0 = Release|Any CPU
	EndGlobalSection
	GlobalSection(SolutionProperties) = preSolution
		HideSolutionNode = FALSE
	EndGlobalSection
	GlobalSection(ExtensibilityGlobals) = postSolution
		SolutionGuid = {E11F6199-47CD-498D-9CD8-ADCC52055314}
	EndGlobalSection
EndGlobal
